
Microsoft Visual Studio Solution File, Format Version 12.00
# Visual Studio Version 16
VisualStudioVersion = 25.0.1706.14
MinimumVisualStudioVersion = 10.0.40219.1
Project("{FAE04EC0-301F-11D3-BF4B-00C04F79EFBC}") = "ApiProjectSeyehat", "ApiProjectSeyehat\ApiProjectSeyehat.csproj", "{F23CE312-6EC8-49A6-A027-54D2A8C85DED}"
EndProject
Project("{FAE04EC0-301F-11D3-BF4B-00C04F79EFBC}") = "MvcProjectSeyehat", "MvcProjectSeyehat\MvcProjectSeyehat.csproj", "{04D40E9E-32CB-49AD-979B-9F9CD808C2F7}"
EndProject
Global
	GlobalSection(SolutionConfigurationPlatforms) = preSolution
		Debug|Any CPU = Debug|Any CPU
		Release|Any CPU = Release|Any CPU
	EndGlobalSection
	GlobalSection(ProjectConfigurationPlatforms) = postSolution
		{F23CE312-6EC8-49A6-A027-54D2A8C85DED}.Debug|Any CPU.ActiveCfg = Debug|Any CPU
		{F23CE312-6EC8-49A6-A027-54D2A8C85DED}.Debug|Any CPU.Build.0 = Debug|Any CPU
		{F23CE312-6EC8-49A6-A027-54D2A8C85DED}.Release|Any CPU.ActiveCfg = Release|Any CPU
		{F23CE312-6EC8-49A6-A027-54D2A8C85DED}.Release|Any CPU.Build.0 = Release|Any CPU
		{04D40E9E-32CB-49AD-979B-9F9CD808C2F7}.Debug|Any CPU.ActiveCfg = Debug|Any CPU
		{04D40E9E-32CB-49AD-979B-9F9CD808C2F7}.Debug|Any CPU.Build.0 = Debug|Any CPU
		{04D40E9E-32CB-49AD-979B-9F9CD808C2F7}.Release|Any CPU.ActiveCfg = Release|Any CPU
		{04D40E9E-32CB-49AD-979B-9F9CD808C2F7}.Release|Any CPU.Build.0 = Release|Any CPU
	EndGlobalSection
	GlobalSection(SolutionProperties) = preSolution
		HideSolutionNode = FALSE
	EndGlobalSection
	GlobalSection(ExtensibilityGlobals) = postSolution
		SolutionGuid = {703D2F88-F0C8-4C21-A275-EBAEEDC7D4D7}
	EndGlobalSection
EndGlobal
